
Microsoft Visual Studio Solution File, Format Version 12.00
Project("{FAE04EC0-301F-11D3-BF4B-00C04F79EFBC}") = "Workspace-booking", "Workspace-booking\Workspace-booking.csproj", "{DB6A3DED-DEDC-41B8-BCD1-FCF0F60E5586}"
EndProject
Project("{2150E333-8FDC-42A3-9474-1A3956D46DE8}") = "assets", "assets", "{CBC51946-B17E-4009-B7D3-FBC69190C45E}"
	ProjectSection(SolutionItems) = preProject
		..\..\Downloads\BookingPlatform.png = ..\..\Downloads\BookingPlatform.png
	EndProjectSection
EndProject
Global
	GlobalSection(SolutionConfigurationPlatforms) = preSolution
		Debug|Any CPU = Debug|Any CPU
		Release|Any CPU = Release|Any CPU
	EndGlobalSection
	GlobalSection(ProjectConfigurationPlatforms) = postSolution
		{DB6A3DED-DEDC-41B8-BCD1-FCF0F60E5586}.Debug|Any CPU.ActiveCfg = Debug|Any CPU
		{DB6A3DED-DEDC-41B8-BCD1-FCF0F60E5586}.Debug|Any CPU.Build.0 = Debug|Any CPU
		{DB6A3DED-DEDC-41B8-BCD1-FCF0F60E5586}.Release|Any CPU.ActiveCfg = Release|Any CPU
		{DB6A3DED-DEDC-41B8-BCD1-FCF0F60E5586}.Release|Any CPU.Build.0 = Release|Any CPU
	EndGlobalSection
EndGlobal
